
Microsoft Visual Studio Solution File, Format Version 12.00
# Visual Studio Version 16
VisualStudioVersion = 16.0.31624.102
MinimumVisualStudioVersion = 10.0.40219.1
Project("{FAE04EC0-301F-11D3-BF4B-00C04F79EFBC}") = "DemoAPI.WebApi", "DemoAPI.WebApi\DemoAPI.WebApi.csproj", "{380AF877-E940-4FA7-A8DD-27A0F25A0B19}"
EndProject
Project("{FAE04EC0-301F-11D3-BF4B-00C04F79EFBC}") = "DemoAPI.Tests", "DemoAPI.Tests\DemoAPI.Tests.csproj", "{95FD2EB9-8E6F-4882-9190-06E968AB43EF}"
EndProject
Global
	GlobalSection(SolutionConfigurationPlatforms) = preSolution
		Debug|Any CPU = Debug|Any CPU
		Release|Any CPU = Release|Any CPU
	EndGlobalSection
	GlobalSection(ProjectConfigurationPlatforms) = postSolution
		{380AF877-E940-4FA7-A8DD-27A0F25A0B19}.Debug|Any CPU.ActiveCfg = Debug|Any CPU
		{380AF877-E940-4FA7-A8DD-27A0F25A0B19}.Debug|Any CPU.Build.0 = Debug|Any CPU
		{380AF877-E940-4FA7-A8DD-27A0F25A0B19}.Release|Any CPU.ActiveCfg = Release|Any CPU
		{380AF877-E940-4FA7-A8DD-27A0F25A0B19}.Release|Any CPU.Build.0 = Release|Any CPU
		{95FD2EB9-8E6F-4882-9190-06E968AB43EF}.Debug|Any CPU.ActiveCfg = Debug|Any CPU
		{95FD2EB9-8E6F-4882-9190-06E968AB43EF}.Debug|Any CPU.Build.0 = Debug|Any CPU
		{95FD2EB9-8E6F-4882-9190-06E968AB43EF}.Release|Any CPU.ActiveCfg = Release|Any CPU
		{95FD2EB9-8E6F-4882-9190-06E968AB43EF}.Release|Any CPU.Build.0 = Release|Any CPU
	EndGlobalSection
	GlobalSection(SolutionProperties) = preSolution
		HideSolutionNode = FALSE
	EndGlobalSection
	GlobalSection(ExtensibilityGlobals) = postSolution
		SolutionGuid = {92B31E92-4584-4F5F-B0A8-4DAB172DF9F7}
	EndGlobalSection
EndGlobal
